
Microsoft Visual Studio Solution File, Format Version 12.00
# Visual Studio 15
VisualStudioVersion = 15.0.26430.16
MinimumVisualStudioVersion = 10.0.40219.1
Project("{FAE04EC0-301F-11D3-BF4B-00C04F79EFBC}") = "tech_demo", "tech_demo\tech_demo.csproj", "{D8CF1510-6C97-44E4-992B-73335EF73F5A}"
EndProject
Project("{FAE04EC0-301F-11D3-BF4B-00C04F79EFBC}") = "ConnectionTest", "实习生讲课\ADONET_Demo\ConnectionTest\ConnectionTest.csproj", "{486082D2-E972-4016-9B6B-B8E606A9997F}"
EndProject
Project("{FAE04EC0-301F-11D3-BF4B-00C04F79EFBC}") = "CommandTest", "实习生讲课\ADONET_Demo\CommandTest\CommandTest.csproj", "{F7C7E86D-E2D0-4270-8B75-1D629290967D}"
EndProject
Project("{FAE04EC0-301F-11D3-BF4B-00C04F79EFBC}") = "vue", "vue\vue.csproj", "{D2B271EE-FEBB-4260-BB79-BEBBB5E1E9C6}"
EndProject
Project("{FAE04EC0-301F-11D3-BF4B-00C04F79EFBC}") = "EF", "EF\EF.csproj", "{38885011-EE7E-47B7-BEDC-2CFDCA91D600}"
EndProject
Project("{FAE04EC0-301F-11D3-BF4B-00C04F79EFBC}") = "test", "test\test.csproj", "{9B112A71-CD60-4471-B216-A50C30C0071D}"
EndProject
Project("{FAE04EC0-301F-11D3-BF4B-00C04F79EFBC}") = "test_WPF", "test_WPF\test_WPF.csproj", "{2B6BA616-1B3D-4DCF-95FE-AAE24C21766A}"
EndProject
Project("{FAE04EC0-301F-11D3-BF4B-00C04F79EFBC}") = "UICommon", "DragControlHelper-master\UICommon\UICommon.csproj", "{FC3FAC70-A4BB-45EF-B7CA-4A74368E5D81}"
EndProject
Project("{FAE04EC0-301F-11D3-BF4B-00C04F79EFBC}") = "DragControlHelperTest", "DragControlHelper-master\DragControlHelperTest\DragControlHelperTest.csproj", "{3AB0C88E-D60D-4D1E-B2BA-127C11AD4563}"
EndProject
Project("{2150E333-8FDC-42A3-9474-1A3956D46DE8}") = "DragControl", "DragControl", "{4726CEA0-BE70-497C-B932-FE55C2822867}"
EndProject
Project("{2150E333-8FDC-42A3-9474-1A3956D46DE8}") = "ADO.NET", "ADO.NET", "{4C3CD237-EE20-47D2-84CB-05597E254164}"
EndProject
Project("{2150E333-8FDC-42A3-9474-1A3956D46DE8}") = "WPF_Template", "WPF_Template", "{60BF6010-C8D2-47D9-B1E9-C13174777C13}"
EndProject
Project("{2150E333-8FDC-42A3-9474-1A3956D46DE8}") = "Tech", "Tech", "{A725E39B-A907-400A-A912-26BEF307AB24}"
EndProject
Project("{FAE04EC0-301F-11D3-BF4B-00C04F79EFBC}") = "BaseControl", "BaseControl\BaseControl.csproj", "{A3AACA61-0FD4-4F0E-8B0F-84A433073D43}"
EndProject
Project("{FAE04EC0-301F-11D3-BF4B-00C04F79EFBC}") = "2DDrawing", "WpfDrawing\WpfApplication1\2DDrawing.csproj", "{D3798C03-2515-4A4A-AB7A-1699ED8C03EC}"
EndProject
Project("{FAE04EC0-301F-11D3-BF4B-00C04F79EFBC}") = "visio_wpf", "visio_Test\visio_wpf.csproj", "{BA497723-580D-447C-9C61-4D25F42753AE}"
EndProject
Project("{2150E333-8FDC-42A3-9474-1A3956D46DE8}") = "visio", "visio", "{F66247E8-C5F1-4440-8867-872FC2B9989A}"
EndProject
Project("{FAE04EC0-301F-11D3-BF4B-00C04F79EFBC}") = "usercontrol_winform", "usercontrol_winform\usercontrol_winform.csproj", "{FD73B363-DE8E-479D-8DA8-5FA915F49AE6}"
EndProject
Project("{FAE04EC0-301F-11D3-BF4B-00C04F79EFBC}") = "visio_winform", "visio_winform\visio_winform.csproj", "{9FF54587-966F-4C1A-8236-3E9A02359870}"
EndProject
Project("{FAE04EC0-301F-11D3-BF4B-00C04F79EFBC}") = "dsoframerocx", "OfficeDocumentHost\dsoframerocx.csproj", "{3A1DE0B4-0C5E-47B1-A9A3-458DB9B43D92}"
EndProject
Project("{2150E333-8FDC-42A3-9474-1A3956D46DE8}") = "安装包", "安装包", "{94ED2516-5869-4FFE-8D43-6D3DFDDB8BFB}"
	ProjectSection(SolutionItems) = preProject
		dsoframerocx.rar = dsoframerocx.rar
		officeviewer_8_0_0_382.rar = officeviewer_8_0_0_382.rar
	EndProjectSection
EndProject
Project("{2150E333-8FDC-42A3-9474-1A3956D46DE8}") = "Drawing", "Drawing", "{8DA812AF-9EF5-4738-BE30-57850C24EC1D}"
EndProject
Project("{2150E333-8FDC-42A3-9474-1A3956D46DE8}") = "PPT", "PPT", "{BF673391-C0F8-4B2F-BA66-8E89D83DB1EA}"
EndProject
Project("{FAE04EC0-301F-11D3-BF4B-00C04F79EFBC}") = "WriteToPPT", "WriteToPPT\WriteToPPT.csproj", "{41C69640-8372-4B50-ACFB-96A6DB82DAAE}"
EndProject
Project("{2150E333-8FDC-42A3-9474-1A3956D46DE8}") = "ViewOfDivision", "ViewOfDivision", "{A28BABB4-8E1A-47D4-9089-15D95EF217E7}"
EndProject
Project("{FAE04EC0-301F-11D3-BF4B-00C04F79EFBC}") = "WpfApplication1", "WpfApplication1\WpfApplication1.csproj", "{BD4FE0FF-7491-403B-9875-8C7977A735C0}"
EndProject
Project("{FAE04EC0-301F-11D3-BF4B-00C04F79EFBC}") = "WebApplication1", "WebApplication1\WebApplication1.csproj", "{4D4C5E87-F44E-4237-B5E3-CF1B4B1DDC85}"
EndProject
Project("{2150E333-8FDC-42A3-9474-1A3956D46DE8}") = "Arithmetic", "Arithmetic", "{0DD8C674-BF02-4CE8-885F-28B3FE7BCAA7}"
EndProject
Project("{2150E333-8FDC-42A3-9474-1A3956D46DE8}") = "WPF_Print", "WPF_Print", "{38D857BA-DE4D-4FE0-A183-9A01BB4A9A13}"
EndProject
Global
	GlobalSection(SolutionConfigurationPlatforms) = preSolution
		Debug|Any CPU = Debug|Any CPU
		Release|Any CPU = Release|Any CPU
	EndGlobalSection
	GlobalSection(ProjectConfigurationPlatforms) = postSolution
		{D8CF1510-6C97-44E4-992B-73335EF73F5A}.Debug|Any CPU.ActiveCfg = Debug|Any CPU
		{D8CF1510-6C97-44E4-992B-73335EF73F5A}.Debug|Any CPU.Build.0 = Debug|Any CPU
		{D8CF1510-6C97-44E4-992B-73335EF73F5A}.Release|Any CPU.ActiveCfg = Release|Any CPU
		{D8CF1510-6C97-44E4-992B-73335EF73F5A}.Release|Any CPU.Build.0 = Release|Any CPU
		{486082D2-E972-4016-9B6B-B8E606A9997F}.Debug|Any CPU.ActiveCfg = Debug|Any CPU
		{486082D2-E972-4016-9B6B-B8E606A9997F}.Debug|Any CPU.Build.0 = Debug|Any CPU
		{486082D2-E972-4016-9B6B-B8E606A9997F}.Release|Any CPU.ActiveCfg = Release|Any CPU
		{486082D2-E972-4016-9B6B-B8E606A9997F}.Release|Any CPU.Build.0 = Release|Any CPU
		{F7C7E86D-E2D0-4270-8B75-1D629290967D}.Debug|Any CPU.ActiveCfg = Debug|Any CPU
		{F7C7E86D-E2D0-4270-8B75-1D629290967D}.Debug|Any CPU.Build.0 = Debug|Any CPU
		{F7C7E86D-E2D0-4270-8B75-1D629290967D}.Release|Any CPU.ActiveCfg = Release|Any CPU
		{F7C7E86D-E2D0-4270-8B75-1D629290967D}.Release|Any CPU.Build.0 = Release|Any CPU
		{D2B271EE-FEBB-4260-BB79-BEBBB5E1E9C6}.Debug|Any CPU.ActiveCfg = Debug|Any CPU
		{D2B271EE-FEBB-4260-BB79-BEBBB5E1E9C6}.Debug|Any CPU.Build.0 = Debug|Any CPU
		{D2B271EE-FEBB-4260-BB79-BEBBB5E1E9C6}.Release|Any CPU.ActiveCfg = Release|Any CPU
		{D2B271EE-FEBB-4260-BB79-BEBBB5E1E9C6}.Release|Any CPU.Build.0 = Release|Any CPU
		{38885011-EE7E-47B7-BEDC-2CFDCA91D600}.Debug|Any CPU.ActiveCfg = Debug|Any CPU
		{38885011-EE7E-47B7-BEDC-2CFDCA91D600}.Debug|Any CPU.Build.0 = Debug|Any CPU
		{38885011-EE7E-47B7-BEDC-2CFDCA91D600}.Release|Any CPU.ActiveCfg = Release|Any CPU
		{38885011-EE7E-47B7-BEDC-2CFDCA91D600}.Release|Any CPU.Build.0 = Release|Any CPU
		{9B112A71-CD60-4471-B216-A50C30C0071D}.Debug|Any CPU.ActiveCfg = Debug|Any CPU
		{9B112A71-CD60-4471-B216-A50C30C0071D}.Debug|Any CPU.Build.0 = Debug|Any CPU
		{9B112A71-CD60-4471-B216-A50C30C0071D}.Release|Any CPU.ActiveCfg = Release|Any CPU
		{9B112A71-CD60-4471-B216-A50C30C0071D}.Release|Any CPU.Build.0 = Release|Any CPU
		{2B6BA616-1B3D-4DCF-95FE-AAE24C21766A}.Debug|Any CPU.ActiveCfg = Debug|Any CPU
		{2B6BA616-1B3D-4DCF-95FE-AAE24C21766A}.Debug|Any CPU.Build.0 = Debug|Any CPU
		{2B6BA616-1B3D-4DCF-95FE-AAE24C21766A}.Release|Any CPU.ActiveCfg = Release|Any CPU
		{2B6BA616-1B3D-4DCF-95FE-AAE24C21766A}.Release|Any CPU.Build.0 = Release|Any CPU
		{FC3FAC70-A4BB-45EF-B7CA-4A74368E5D81}.Debug|Any CPU.ActiveCfg = Debug|Any CPU
		{FC3FAC70-A4BB-45EF-B7CA-4A74368E5D81}.Debug|Any CPU.Build.0 = Debug|Any CPU
		{FC3FAC70-A4BB-45EF-B7CA-4A74368E5D81}.Release|Any CPU.ActiveCfg = Release|Any CPU
		{FC3FAC70-A4BB-45EF-B7CA-4A74368E5D81}.Release|Any CPU.Build.0 = Release|Any CPU
		{3AB0C88E-D60D-4D1E-B2BA-127C11AD4563}.Debug|Any CPU.ActiveCfg = Debug|Any CPU
		{3AB0C88E-D60D-4D1E-B2BA-127C11AD4563}.Debug|Any CPU.Build.0 = Debug|Any CPU
		{3AB0C88E-D60D-4D1E-B2BA-127C11AD4563}.Release|Any CPU.ActiveCfg = Release|Any CPU
		{3AB0C88E-D60D-4D1E-B2BA-127C11AD4563}.Release|Any CPU.Build.0 = Release|Any CPU
		{A3AACA61-0FD4-4F0E-8B0F-84A433073D43}.Debug|Any CPU.ActiveCfg = Debug|Any CPU
		{A3AACA61-0FD4-4F0E-8B0F-84A433073D43}.Debug|Any CPU.Build.0 = Debug|Any CPU
		{A3AACA61-0FD4-4F0E-8B0F-84A433073D43}.Release|Any CPU.ActiveCfg = Release|Any CPU
		{A3AACA61-0FD4-4F0E-8B0F-84A433073D43}.Release|Any CPU.Build.0 = Release|Any CPU
		{D3798C03-2515-4A4A-AB7A-1699ED8C03EC}.Debug|Any CPU.ActiveCfg = Debug|Any CPU
		{D3798C03-2515-4A4A-AB7A-1699ED8C03EC}.Debug|Any CPU.Build.0 = Debug|Any CPU
		{D3798C03-2515-4A4A-AB7A-1699ED8C03EC}.Release|Any CPU.ActiveCfg = Release|Any CPU
		{D3798C03-2515-4A4A-AB7A-1699ED8C03EC}.Release|Any CPU.Build.0 = Release|Any CPU
		{BA497723-580D-447C-9C61-4D25F42753AE}.Debug|Any CPU.ActiveCfg = Debug|Any CPU
		{BA497723-580D-447C-9C61-4D25F42753AE}.Debug|Any CPU.Build.0 = Debug|Any CPU
		{BA497723-580D-447C-9C61-4D25F42753AE}.Release|Any CPU.ActiveCfg = Release|Any CPU
		{BA497723-580D-447C-9C61-4D25F42753AE}.Release|Any CPU.Build.0 = Release|Any CPU
		{FD73B363-DE8E-479D-8DA8-5FA915F49AE6}.Debug|Any CPU.ActiveCfg = Debug|Any CPU
		{FD73B363-DE8E-479D-8DA8-5FA915F49AE6}.Debug|Any CPU.Build.0 = Debug|Any CPU
		{FD73B363-DE8E-479D-8DA8-5FA915F49AE6}.Release|Any CPU.ActiveCfg = Release|Any CPU
		{FD73B363-DE8E-479D-8DA8-5FA915F49AE6}.Release|Any CPU.Build.0 = Release|Any CPU
		{9FF54587-966F-4C1A-8236-3E9A02359870}.Debug|Any CPU.ActiveCfg = Debug|Any CPU
		{9FF54587-966F-4C1A-8236-3E9A02359870}.Debug|Any CPU.Build.0 = Debug|Any CPU
		{9FF54587-966F-4C1A-8236-3E9A02359870}.Release|Any CPU.ActiveCfg = Release|Any CPU
		{9FF54587-966F-4C1A-8236-3E9A02359870}.Release|Any CPU.Build.0 = Release|Any CPU
		{3A1DE0B4-0C5E-47B1-A9A3-458DB9B43D92}.Debug|Any CPU.ActiveCfg = Debug|Any CPU
		{3A1DE0B4-0C5E-47B1-A9A3-458DB9B43D92}.Debug|Any CPU.Build.0 = Debug|Any CPU
		{3A1DE0B4-0C5E-47B1-A9A3-458DB9B43D92}.Release|Any CPU.ActiveCfg = Release|Any CPU
		{3A1DE0B4-0C5E-47B1-A9A3-458DB9B43D92}.Release|Any CPU.Build.0 = Release|Any CPU
		{41C69640-8372-4B50-ACFB-96A6DB82DAAE}.Debug|Any CPU.ActiveCfg = Debug|Any CPU
		{41C69640-8372-4B50-ACFB-96A6DB82DAAE}.Debug|Any CPU.Build.0 = Debug|Any CPU
		{41C69640-8372-4B50-ACFB-96A6DB82DAAE}.Release|Any CPU.ActiveCfg = Release|Any CPU
		{41C69640-8372-4B50-ACFB-96A6DB82DAAE}.Release|Any CPU.Build.0 = Release|Any CPU
		{BD4FE0FF-7491-403B-9875-8C7977A735C0}.Debug|Any CPU.ActiveCfg = Debug|Any CPU
		{BD4FE0FF-7491-403B-9875-8C7977A735C0}.Debug|Any CPU.Build.0 = Debug|Any CPU
		{BD4FE0FF-7491-403B-9875-8C7977A735C0}.Release|Any CPU.ActiveCfg = Release|Any CPU
		{BD4FE0FF-7491-403B-9875-8C7977A735C0}.Release|Any CPU.Build.0 = Release|Any CPU
		{4D4C5E87-F44E-4237-B5E3-CF1B4B1DDC85}.Debug|Any CPU.ActiveCfg = Debug|Any CPU
		{4D4C5E87-F44E-4237-B5E3-CF1B4B1DDC85}.Debug|Any CPU.Build.0 = Debug|Any CPU
		{4D4C5E87-F44E-4237-B5E3-CF1B4B1DDC85}.Release|Any CPU.ActiveCfg = Release|Any CPU
		{4D4C5E87-F44E-4237-B5E3-CF1B4B1DDC85}.Release|Any CPU.Build.0 = Release|Any CPU
	EndGlobalSection
	GlobalSection(SolutionProperties) = preSolution
		HideSolutionNode = FALSE
	EndGlobalSection
	GlobalSection(NestedProjects) = preSolution
		{D8CF1510-6C97-44E4-992B-73335EF73F5A} = {A725E39B-A907-400A-A912-26BEF307AB24}
		{486082D2-E972-4016-9B6B-B8E606A9997F} = {4C3CD237-EE20-47D2-84CB-05597E254164}
		{F7C7E86D-E2D0-4270-8B75-1D629290967D} = {4C3CD237-EE20-47D2-84CB-05597E254164}
		{D2B271EE-FEBB-4260-BB79-BEBBB5E1E9C6} = {A725E39B-A907-400A-A912-26BEF307AB24}
		{38885011-EE7E-47B7-BEDC-2CFDCA91D600} = {A725E39B-A907-400A-A912-26BEF307AB24}
		{9B112A71-CD60-4471-B216-A50C30C0071D} = {0DD8C674-BF02-4CE8-885F-28B3FE7BCAA7}
		{2B6BA616-1B3D-4DCF-95FE-AAE24C21766A} = {60BF6010-C8D2-47D9-B1E9-C13174777C13}
		{FC3FAC70-A4BB-45EF-B7CA-4A74368E5D81} = {4726CEA0-BE70-497C-B932-FE55C2822867}
		{3AB0C88E-D60D-4D1E-B2BA-127C11AD4563} = {4726CEA0-BE70-497C-B932-FE55C2822867}
		{4726CEA0-BE70-497C-B932-FE55C2822867} = {8DA812AF-9EF5-4738-BE30-57850C24EC1D}
		{60BF6010-C8D2-47D9-B1E9-C13174777C13} = {8DA812AF-9EF5-4738-BE30-57850C24EC1D}
		{A3AACA61-0FD4-4F0E-8B0F-84A433073D43} = {60BF6010-C8D2-47D9-B1E9-C13174777C13}
		{D3798C03-2515-4A4A-AB7A-1699ED8C03EC} = {8DA812AF-9EF5-4738-BE30-57850C24EC1D}
		{BA497723-580D-447C-9C61-4D25F42753AE} = {F66247E8-C5F1-4440-8867-872FC2B9989A}
		{FD73B363-DE8E-479D-8DA8-5FA915F49AE6} = {F66247E8-C5F1-4440-8867-872FC2B9989A}
		{9FF54587-966F-4C1A-8236-3E9A02359870} = {F66247E8-C5F1-4440-8867-872FC2B9989A}
		{3A1DE0B4-0C5E-47B1-A9A3-458DB9B43D92} = {F66247E8-C5F1-4440-8867-872FC2B9989A}
		{94ED2516-5869-4FFE-8D43-6D3DFDDB8BFB} = {F66247E8-C5F1-4440-8867-872FC2B9989A}
		{41C69640-8372-4B50-ACFB-96A6DB82DAAE} = {BF673391-C0F8-4B2F-BA66-8E89D83DB1EA}
		{BD4FE0FF-7491-403B-9875-8C7977A735C0} = {38D857BA-DE4D-4FE0-A183-9A01BB4A9A13}
		{4D4C5E87-F44E-4237-B5E3-CF1B4B1DDC85} = {A28BABB4-8E1A-47D4-9089-15D95EF217E7}
	EndGlobalSection
EndGlobal
